// !$*UTF8*$!
{
	archiveVersion = 1;
	classes = {
	};
	objectVersion = 50;
	objects = {

/* Begin PBXBuildFile section */
		EB94A49823EB32DD00043FED /* SettingStore.swift in Sources */ = {isa = PBXBuildFile; fileRef = EB94A49723EB32DD00043FED /* SettingStore.swift */; };
		EB94A49A23EB353400043FED /* BeaconLocationModel.swift in Sources */ = {isa = PBXBuildFile; fileRef = EB94A49923EB353400043FED /* BeaconLocationModel.swift */; };
		EB94A49C23EB74FA00043FED /* BeaconLocationStore.swift in Sources */ = {isa = PBXBuildFile; fileRef = EB94A49B23EB74FA00043FED /* BeaconLocationStore.swift */; };
		EB94A49E23EB806400043FED /* BeaconDetectorStore.swift in Sources */ = {isa = PBXBuildFile; fileRef = EB94A49D23EB806400043FED /* BeaconDetectorStore.swift */; };
		EB94A4A023EBA3C300043FED /* BeaconDetector.swift in Sources */ = {isa = PBXBuildFile; fileRef = EB94A49F23EBA3C300043FED /* BeaconDetector.swift */; };
		EBE25AB223E291670099B315 /* AppDelegate.swift in Sources */ = {isa = PBXBuildFile; fileRef = EBE25AB123E291670099B315 /* AppDelegate.swift */; };
		EBE25AB423E291670099B315 /* SceneDelegate.swift in Sources */ = {isa = PBXBuildFile; fileRef = EBE25AB323E291670099B315 /* SceneDelegate.swift */; };
		EBE25AB623E291670099B315 /* ContentView.swift in Sources */ = {isa = PBXBuildFile; fileRef = EBE25AB523E291670099B315 /* ContentView.swift */; };
		EBE25AB823E291680099B315 /* Assets.xcassets in Resources */ = {isa = PBXBuildFile; fileRef = EBE25AB723E291680099B315 /* Assets.xcassets */; };
		EBE25ABB23E291680099B315 /* Preview Assets.xcassets in Resources */ = {isa = PBXBuildFile; fileRef = EBE25ABA23E291680099B315 /* Preview Assets.xcassets */; };
		EBE25ABE23E291680099B315 /* LaunchScreen.storyboard in Resources */ = {isa = PBXBuildFile; fileRef = EBE25ABC23E291680099B315 /* LaunchScreen.storyboard */; };
/* End PBXBuildFile section */

/* Begin PBXFileReference section */
		EB94A49723EB32DD00043FED /* SettingStore.swift */ = {isa = PBXFileReference; lastKnownFileType = sourcecode.swift; path = SettingStore.swift; sourceTree = "<group>"; };
		EB94A49923EB353400043FED /* BeaconLocationModel.swift */ = {isa = PBXFileReference; lastKnownFileType = sourcecode.swift; path = BeaconLocationModel.swift; sourceTree = "<group>"; };
		EB94A49B23EB74FA00043FED /* BeaconLocationStore.swift */ = {isa = PBXFileReference; lastKnownFileType = sourcecode.swift; path = BeaconLocationStore.swift; sourceTree = "<group>"; };
		EB94A49D23EB806400043FED /* BeaconDetectorStore.swift */ = {isa = PBXFileReference; lastKnownFileType = sourcecode.swift; path = BeaconDetectorStore.swift; sourceTree = "<group>"; };
		EB94A49F23EBA3C300043FED /* BeaconDetector.swift */ = {isa = PBXFileReference; lastKnownFileType = sourcecode.swift; path = BeaconDetector.swift; sourceTree = "<group>"; };
		EBE25AAE23E291670099B315 /* iPats Tracker.app */ = {isa = PBXFileReference; explicitFileType = wrapper.application; includeInIndex = 0; path = "iPats Tracker.app"; sourceTree = BUILT_PRODUCTS_DIR; };
		EBE25AB123E291670099B315 /* AppDelegate.swift */ = {isa = PBXFileReference; lastKnownFileType = sourcecode.swift; path = AppDelegate.swift; sourceTree = "<group>"; };
		EBE25AB323E291670099B315 /* SceneDelegate.swift */ = {isa = PBXFileReference; lastKnownFileType = sourcecode.swift; path = SceneDelegate.swift; sourceTree = "<group>"; };
		EBE25AB523E291670099B315 /* ContentView.swift */ = {isa = PBXFileReference; lastKnownFileType = sourcecode.swift; path = ContentView.swift; sourceTree = "<group>"; };
		EBE25AB723E291680099B315 /* Assets.xcassets */ = {isa = PBXFileReference; lastKnownFileType = folder.assetcatalog; path = Assets.xcassets; sourceTree = "<group>"; };
		EBE25ABA23E291680099B315 /* Preview Assets.xcassets */ = {isa = PBXFileReference; lastKnownFileType = folder.assetcatalog; path = "Preview Assets.xcassets"; sourceTree = "<group>"; };
		EBE25ABD23E291680099B315 /* Base */ = {isa = PBXFileReference; lastKnownFileType = file.storyboard; name = Base; path = Base.lproj/LaunchScreen.storyboard; sourceTree = "<group>"; };
		EBE25ABF23E291680099B315 /* Info.plist */ = {isa = PBXFileReference; lastKnownFileType = text.plist.xml; path = Info.plist; sourceTree = "<group>"; };
/* End PBXFileReference section */

/* Begin PBXFrameworksBuildPhase section */
		EBE25AAB23E291670099B315 /* Frameworks */ = {
			isa = PBXFrameworksBuildPhase;
			buildActionMask = 2147483647;
			files = (
			);
			runOnlyForDeploymentPostprocessing = 0;
		};
/* End PBXFrameworksBuildPhase section */

/* Begin PBXGroup section */
		EBE25AA523E291670099B315 = {
			isa = PBXGroup;
			children = (
				EBE25AB023E291670099B315 /* pats_ios_tracker */,
				EBE25AAF23E291670099B315 /* Products */,
			);
			sourceTree = "<group>";
		};
		EBE25AAF23E291670099B315 /* Products */ = {
			isa = PBXGroup;
			children = (
				EBE25AAE23E291670099B315 /* iPats Tracker.app */,
			);
			name = Products;
			sourceTree = "<group>";
		};
		EBE25AB023E291670099B315 /* pats_ios_tracker */ = {
			isa = PBXGroup;
			children = (
				EBE25AB123E291670099B315 /* AppDelegate.swift */,
				EBE25AB323E291670099B315 /* SceneDelegate.swift */,
				EBE25AB523E291670099B315 /* ContentView.swift */,
				EB94A49F23EBA3C300043FED /* BeaconDetector.swift */,
				EB94A49923EB353400043FED /* BeaconLocationModel.swift */,
				EB94A49D23EB806400043FED /* BeaconDetectorStore.swift */,
				EB94A49B23EB74FA00043FED /* BeaconLocationStore.swift */,
				EB94A49723EB32DD00043FED /* SettingStore.swift */,
				EBE25AB723E291680099B315 /* Assets.xcassets */,
				EBE25ABC23E291680099B315 /* LaunchScreen.storyboard */,
				EBE25ABF23E291680099B315 /* Info.plist */,
				EBE25AB923E291680099B315 /* Preview Content */,
			);
			path = pats_ios_tracker;
			sourceTree = "<group>";
		};
		EBE25AB923E291680099B315 /* Preview Content */ = {
			isa = PBXGroup;
			children = (
				EBE25ABA23E291680099B315 /* Preview Assets.xcassets */,
			);
			path = "Preview Content";
			sourceTree = "<group>";
		};
/* End PBXGroup section */

/* Begin PBXNativeTarget section */
		EBE25AAD23E291670099B315 /* pats_ios_tracker */ = {
			isa = PBXNativeTarget;
			buildConfigurationList = EBE25AC223E291680099B315 /* Build configuration list for PBXNativeTarget "pats_ios_tracker" */;
			buildPhases = (
				EBE25AAA23E291670099B315 /* Sources */,
				EBE25AAB23E291670099B315 /* Frameworks */,
				EBE25AAC23E291670099B315 /* Resources */,
			);
			buildRules = (
			);
			dependencies = (
			);
			name = pats_ios_tracker;
			productName = pats_ios_tracker;
			productReference = EBE25AAE23E291670099B315 /* iPats Tracker.app */;
			productType = "com.apple.product-type.application";
		};
/* End PBXNativeTarget section */

/* Begin PBXProject section */
		EBE25AA623E291670099B315 /* Project object */ = {
			isa = PBXProject;
			attributes = {
				LastSwiftUpdateCheck = 1130;
				LastUpgradeCheck = 1130;
				ORGANIZATIONNAME = "Brandon Yap";
				TargetAttributes = {
					EBE25AAD23E291670099B315 = {
						CreatedOnToolsVersion = 11.3.1;
					};
				};
			};
			buildConfigurationList = EBE25AA923E291670099B315 /* Build configuration list for PBXProject "pats_ios_tracker" */;
			compatibilityVersion = "Xcode 9.3";
			developmentRegion = en;
			hasScannedForEncodings = 0;
			knownRegions = (
				en,
				Base,
			);
			mainGroup = EBE25AA523E291670099B315;
			productRefGroup = EBE25AAF23E291670099B315 /* Products */;
			projectDirPath = "";
			projectRoot = "";
			targets = (
				EBE25AAD23E291670099B315 /* pats_ios_tracker */,
			);
		};
/* End PBXProject section */

/* Begin PBXResourcesBuildPhase section */
		EBE25AAC23E291670099B315 /* Resources */ = {
			isa = PBXResourcesBuildPhase;
			buildActionMask = 2147483647;
			files = (
				EBE25ABE23E291680099B315 /* LaunchScreen.storyboard in Resources */,
				EBE25ABB23E291680099B315 /* Preview Assets.xcassets in Resources */,
				EBE25AB823E291680099B315 /* Assets.xcassets in Resources */,
			);
			runOnlyForDeploymentPostprocessing = 0;
		};
/* End PBXResourcesBuildPhase section */

/* Begin PBXSourcesBuildPhase section */
		EBE25AAA23E291670099B315 /* Sources */ = {
			isa = PBXSourcesBuildPhase;
			buildActionMask = 2147483647;
			files = (
				EB94A49E23EB806400043FED /* BeaconDetectorStore.swift in Sources */,
				EB94A4A023EBA3C300043FED /* BeaconDetector.swift in Sources */,
				EB94A49A23EB353400043FED /* BeaconLocationModel.swift in Sources */,
				EB94A49823EB32DD00043FED /* SettingStore.swift in Sources */,
				EB94A49C23EB74FA00043FED /* BeaconLocationStore.swift in Sources */,
				EBE25AB223E291670099B315 /* AppDelegate.swift in Sources */,
				EBE25AB423E291670099B315 /* SceneDelegate.swift in Sources */,
				EBE25AB623E291670099B315 /* ContentView.swift in Sources */,
			);
			runOnlyForDeploymentPostprocessing = 0;
		};
/* End PBXSourcesBuildPhase section */

/* Begin PBXVariantGroup section */
		EBE25ABC23E291680099B315 /* LaunchScreen.storyboard */ = {
			isa = PBXVariantGroup;
			children = (
				EBE25ABD23E291680099B315 /* Base */,
			);
			name = LaunchScreen.storyboard;
			sourceTree = "<group>";
		};
/* End PBXVariantGroup section */

/* Begin XCBuildConfiguration section */
		EBE25AC023E291680099B315 /* Debug */ = {
			isa = XCBuildConfiguration;
			buildSettings = {
				ALWAYS_SEARCH_USER_PATHS = NO;
				CLANG_ANALYZER_NONNULL = YES;
				CLANG_ANALYZER_NUMBER_OBJECT_CONVERSION = YES_AGGRESSIVE;
				CLANG_CXX_LANGUAGE_STANDARD = "gnu++14";
				CLANG_CXX_LIBRARY = "libc++";
				CLANG_ENABLE_MODULES = YES;
				CLANG_ENABLE_OBJC_ARC = YES;
				CLANG_ENABLE_OBJC_WEAK = YES;
				CLANG_WARN_BLOCK_CAPTURE_AUTORELEASING = YES;
				CLANG_WARN_BOOL_CONVERSION = YES;
				CLANG_WARN_COMMA = YES;
				CLANG_WARN_CONSTANT_CONVERSION = YES;
				CLANG_WARN_DEPRECATED_OBJC_IMPLEMENTATIONS = YES;
				CLANG_WARN_DIRECT_OBJC_ISA_USAGE = YES_ERROR;
				CLANG_WARN_DOCUMENTATION_COMMENTS = YES;
				CLANG_WARN_EMPTY_BODY = YES;
				CLANG_WARN_ENUM_CONVERSION = YES;
				CLANG_WARN_INFINITE_RECURSION = YES;
				CLANG_WARN_INT_CONVERSION = YES;
				CLANG_WARN_NON_LITERAL_NULL_CONVERSION = YES;
				CLANG_WARN_OBJC_IMPLICIT_RETAIN_SELF = YES;
				CLANG_WARN_OBJC_LITERAL_CONVERSION = YES;
				CLANG_WARN_OBJC_ROOT_CLASS = YES_ERROR;
				CLANG_WARN_RANGE_LOOP_ANALYSIS = YES;
				CLANG_WARN_STRICT_PROTOTYPES = YES;
				CLANG_WARN_SUSPICIOUS_MOVE = YES;
				CLANG_WARN_UNGUARDED_AVAILABILITY = YES_AGGRESSIVE;
				CLANG_WARN_UNREACHABLE_CODE = YES;
				CLANG_WARN__DUPLICATE_METHOD_MATCH = YES;
				COPY_PHASE_STRIP = NO;
				DEBUG_INFORMATION_FORMAT = dwarf;
				ENABLE_STRICT_OBJC_MSGSEND = YES;
				ENABLE_TESTABILITY = YES;
				GCC_C_LANGUAGE_STANDARD = gnu11;
				GCC_DYNAMIC_NO_PIC = NO;
				GCC_NO_COMMON_BLOCKS = YES;
				GCC_OPTIMIZATION_LEVEL = 0;
				GCC_PREPROCESSOR_DEFINITIONS = (
					"DEBUG=1",
					"$(inherited)",
				);
				GCC_WARN_64_TO_32_BIT_CONVERSION = YES;
				GCC_WARN_ABOUT_RETURN_TYPE = YES_ERROR;
				GCC_WARN_UNDECLARED_SELECTOR = YES;
				GCC_WARN_UNINITIALIZED_AUTOS = YES_AGGRESSIVE;
				GCC_WARN_UNUSED_FUNCTION = YES;
				GCC_WARN_UNUSED_VARIABLE = YES;
				IPHONEOS_DEPLOYMENT_TARGET = 13.2;
				MTL_ENABLE_DEBUG_INFO = INCLUDE_SOURCE;
				MTL_FAST_MATH = YES;
				ONLY_ACTIVE_ARCH = YES;
				SDKROOT = iphoneos;
				SWIFT_ACTIVE_COMPILATION_CONDITIONS = DEBUG;
				SWIFT_OPTIMIZATION_LEVEL = "-Onone";
			};
			name = Debug;
		};
		EBE25AC123E291680099B315 /* Release */ = {
			isa = XCBuildConfiguration;
			buildSettings = {
				ALWAYS_SEARCH_USER_PATHS = NO;
				CLANG_ANALYZER_NONNULL = YES;
				CLANG_ANALYZER_NUMBER_OBJECT_CONVERSION = YES_AGGRESSIVE;
				CLANG_CXX_LANGUAGE_STANDARD = "gnu++14";
				CLANG_CXX_LIBRARY = "libc++";
				CLANG_ENABLE_MODULES = YES;
				CLANG_ENABLE_OBJC_ARC = YES;
				CLANG_ENABLE_OBJC_WEAK = YES;
				CLANG_WARN_BLOCK_CAPTURE_AUTORELEASING = YES;
				CLANG_WARN_BOOL_CONVERSION = YES;
				CLANG_WARN_COMMA = YES;
				CLANG_WARN_CONSTANT_CONVERSION = YES;
				CLANG_WARN_DEPRECATED_OBJC_IMPLEMENTATIONS = YES;
				CLANG_WARN_DIRECT_OBJC_ISA_USAGE = YES_ERROR;
				CLANG_WARN_DOCUMENTATION_COMMENTS = YES;
				CLANG_WARN_EMPTY_BODY = YES;
				CLANG_WARN_ENUM_CONVERSION = YES;
				CLANG_WARN_INFINITE_RECURSION = YES;
				CLANG_WARN_INT_CONVERSION = YES;
				CLANG_WARN_NON_LITERAL_NULL_CONVERSION = YES;
				CLANG_WARN_OBJC_IMPLICIT_RETAIN_SELF = YES;
				CLANG_WARN_OBJC_LITERAL_CONVERSION = YES;
				CLANG_WARN_OBJC_ROOT_CLASS = YES_ERROR;
				CLANG_WARN_RANGE_LOOP_ANALYSIS = YES;
				CLANG_WARN_STRICT_PROTOTYPES = YES;
				CLANG_WARN_SUSPICIOUS_MOVE = YES;
				CLANG_WARN_UNGUARDED_AVAILABILITY = YES_AGGRESSIVE;
				CLANG_WARN_UNREACHABLE_CODE = YES;
				CLANG_WARN__DUPLICATE_METHOD_MATCH = YES;
				COPY_PHASE_STRIP = NO;
				DEBUG_INFORMATION_FORMAT = "dwarf-with-dsym";
				ENABLE_NS_ASSERTIONS = NO;
				ENABLE_STRICT_OBJC_MSGSEND = YES;
				GCC_C_LANGUAGE_STANDARD = gnu11;
				GCC_NO_COMMON_BLOCKS = YES;
				GCC_WARN_64_TO_32_BIT_CONVERSION = YES;
				GCC_WARN_ABOUT_RETURN_TYPE = YES_ERROR;
				GCC_WARN_UNDECLARED_SELECTOR = YES;
				GCC_WARN_UNINITIALIZED_AUTOS = YES_AGGRESSIVE;
				GCC_WARN_UNUSED_FUNCTION = YES;
				GCC_WARN_UNUSED_VARIABLE = YES;
				IPHONEOS_DEPLOYMENT_TARGET = 13.2;
				MTL_ENABLE_DEBUG_INFO = NO;
				MTL_FAST_MATH = YES;
				SDKROOT = iphoneos;
				SWIFT_COMPILATION_MODE = wholemodule;
				SWIFT_OPTIMIZATION_LEVEL = "-O";
				VALIDATE_PRODUCT = YES;
			};
			name = Release;
		};
		EBE25AC323E291680099B315 /* Debug */ = {
			isa = XCBuildConfiguration;
			buildSettings = {
				ASSETCATALOG_COMPILER_APPICON_NAME = AppIcon;
				CODE_SIGN_STYLE = Automatic;
				DEVELOPMENT_ASSET_PATHS = "\"pats_ios_tracker/Preview Content\"";
				DEVELOPMENT_TEAM = S7V43W2PMF;
				ENABLE_PREVIEWS = YES;
				INFOPLIST_FILE = pats_ios_tracker/Info.plist;
				LD_RUNPATH_SEARCH_PATHS = (
					"$(inherited)",
					"@executable_path/Frameworks",
				);
				PRODUCT_BUNDLE_IDENTIFIER = "brandon.pats-ios-tracker";
				PRODUCT_NAME = "iPats Tracker";
				SWIFT_VERSION = 5.0;
				TARGETED_DEVICE_FAMILY = "1,2";
			};
			name = Debug;
		};
		EBE25AC423E291680099B315 /* Release */ = {
			isa = XCBuildConfiguration;
			buildSettings = {
				ASSETCATALOG_COMPILER_APPICON_NAME = AppIcon;
				CODE_SIGN_STYLE = Automatic;
				DEVELOPMENT_ASSET_PATHS = "\"pats_ios_tracker/Preview Content\"";
				DEVELOPMENT_TEAM = S7V43W2PMF;
				ENABLE_PREVIEWS = YES;
				INFOPLIST_FILE = pats_ios_tracker/Info.plist;
				LD_RUNPATH_SEARCH_PATHS = (
					"$(inherited)",
					"@executable_path/Frameworks",
				);
				PRODUCT_BUNDLE_IDENTIFIER = "brandon.pats-ios-tracker";
				PRODUCT_NAME = "iPats Tracker";
				SWIFT_VERSION = 5.0;
				TARGETED_DEVICE_FAMILY = "1,2";
			};
			name = Release;
		};
/* End XCBuildConfiguration section */

/* Begin XCConfigurationList section */
		EBE25AA923E291670099B315 /* Build configuration list for PBXProject "pats_ios_tracker" */ = {
			isa = XCConfigurationList;
			buildConfigurations = (
				EBE25AC023E291680099B315 /* Debug */,
				EBE25AC123E291680099B315 /* Release */,
			);
			defaultConfigurationIsVisible = 0;
			defaultConfigurationName = Release;
		};
		EBE25AC223E291680099B315 /* Build configuration list for PBXNativeTarget "pats_ios_tracker" */ = {
			isa = XCConfigurationList;
			buildConfigurations = (
				EBE25AC323E291680099B315 /* Debug */,
				EBE25AC423E291680099B315 /* Release */,
			);
			defaultConfigurationIsVisible = 0;
			defaultConfigurationName = Release;
		};
/* End XCConfigurationList section */
	};
	rootObject = EBE25AA623E291670099B315 /* Project object */;
}
